PODS:
  - AppLovinSDK (12.1.0)
  - FluctSDK (6.30.2)

DEPENDENCIES:
  - AppLovinSDK
  - FluctSDK

SPEC REPOS:
  trunk:
    - AppLovinSDK
    - FluctSDK

SPEC CHECKSUMS:
  AppLovinSDK: 179d509c258e01a3a77eb8416f0ba843a12ed322
  FluctSDK: 2934df6803a2b3b3df9f9230c3d512027bcfc1f4

PODFILE CHECKSUM: 83bd9c00b60db7c391cbef419070b39cf2347c58

COCOAPODS: 1.14.3
